
Microsoft Visual Studio Solution File, Format Version 12.00
# Visual Studio Version 17
VisualStudioVersion = 17.11.35312.102
MinimumVisualStudioVersion = 10.0.40219.1
Project("{2150E333-8FDC-42A3-9474-1A3956D46DE8}") = "OrderService", "OrderService", "{334E447D-0237-42A8-9519-A67B9997B89A}"
EndProject
Project("{9A19103F-16F7-4668-BE54-9A1E7A4F7556}") = "OrderService.Domain", "OrderService\OrderService.Domain\OrderService.Domain.csproj", "{DE8F47F9-98B0-41C8-AFE6-A8034552A03B}"
EndProject
Project("{9A19103F-16F7-4668-BE54-9A1E7A4F7556}") = "OrderService.Application", "OrderService\OrderService.Application\OrderService.Application.csproj", "{DC5CBBEB-5600-42A2-90CA-CFA056321EAB}"
EndProject
Project("{2150E333-8FDC-42A3-9474-1A3956D46DE8}") = "BuildingBlocks", "BuildingBlocks", "{FCF1A8D5-2611-440C-A7DA-35F72E7D03DB}"
EndProject
Project("{9A19103F-16F7-4668-BE54-9A1E7A4F7556}") = "OrderService.Infrastructure", "OrderService\OrderService.Infrastructure\OrderService.Infrastructure.csproj", "{E04407CE-3CBA-40F1-BA23-06FB8D4348F0}"
EndProject
Project("{9A19103F-16F7-4668-BE54-9A1E7A4F7556}") = "EventBus", "BuildingBlocks\EventBus\EventBus.csproj", "{571C2435-C8F8-4CBD-B529-8B74CFB7BFE4}"
EndProject
Project("{2150E333-8FDC-42A3-9474-1A3956D46DE8}") = "InventoryService", "InventoryService", "{D56D09AB-960E-49A1-8FF7-167D934CC2F8}"
EndProject
Project("{9A19103F-16F7-4668-BE54-9A1E7A4F7556}") = "OrderService.API", "OrderService\OrderService.API\OrderService.API.csproj", "{39868D81-81E5-4710-AC94-3278C47F2CFF}"
EndProject
Project("{2150E333-8FDC-42A3-9474-1A3956D46DE8}") = "PaymentService", "PaymentService", "{BE8F2230-15AB-49A7-B235-4CF691C3127C}"
EndProject
Project("{9A19103F-16F7-4668-BE54-9A1E7A4F7556}") = "InventoryService.Worker", "InventoryService\InventoryService.Worker\InventoryService.Worker.csproj", "{F0AFA5A5-853A-41DF-8E7F-FC3F3FA67B6F}"
EndProject
Project("{9A19103F-16F7-4668-BE54-9A1E7A4F7556}") = "PaymentService.Worker", "PaymentService\PaymentService.Worker\PaymentService.Worker.csproj", "{04683D9B-284B-4416-86C5-BD8CCD1767C2}"
EndProject
Project("{2150E333-8FDC-42A3-9474-1A3956D46DE8}") = "Solution Items", "Solution Items", "{02CC434E-F423-4B10-B3EE-66FC3BC95EDD}"
	ProjectSection(SolutionItems) = preProject
		docker-compose.yaml = docker-compose.yaml
	EndProjectSection
EndProject
Project("{2150E333-8FDC-42A3-9474-1A3956D46DE8}") = "ThirdPartyPaymentGateway", "ThirdPartyPaymentGateway", "{1E753BA4-C80A-485F-972A-AE55E39721E2}"
EndProject
Project("{FAE04EC0-301F-11D3-BF4B-00C04F79EFBC}") = "ThirdPartyPaymentGateway.API", "ThirdPartyPaymentGateway\ThirdPartyPaymentGateway.API\ThirdPartyPaymentGateway.API.csproj", "{14D50C0D-DC34-49FF-AD2F-FCA9D76BDD2E}"
EndProject
Global
	GlobalSection(SolutionConfigurationPlatforms) = preSolution
		Debug|Any CPU = Debug|Any CPU
		Release|Any CPU = Release|Any CPU
	EndGlobalSection
	GlobalSection(ProjectConfigurationPlatforms) = postSolution
		{DE8F47F9-98B0-41C8-AFE6-A8034552A03B}.Debug|Any CPU.ActiveCfg = Debug|Any CPU
		{DE8F47F9-98B0-41C8-AFE6-A8034552A03B}.Debug|Any CPU.Build.0 = Debug|Any CPU
		{DE8F47F9-98B0-41C8-AFE6-A8034552A03B}.Release|Any CPU.ActiveCfg = Release|Any CPU
		{DE8F47F9-98B0-41C8-AFE6-A8034552A03B}.Release|Any CPU.Build.0 = Release|Any CPU
		{DC5CBBEB-5600-42A2-90CA-CFA056321EAB}.Debug|Any CPU.ActiveCfg = Debug|Any CPU
		{DC5CBBEB-5600-42A2-90CA-CFA056321EAB}.Debug|Any CPU.Build.0 = Debug|Any CPU
		{DC5CBBEB-5600-42A2-90CA-CFA056321EAB}.Release|Any CPU.ActiveCfg = Release|Any CPU
		{DC5CBBEB-5600-42A2-90CA-CFA056321EAB}.Release|Any CPU.Build.0 = Release|Any CPU
		{E04407CE-3CBA-40F1-BA23-06FB8D4348F0}.Debug|Any CPU.ActiveCfg = Debug|Any CPU
		{E04407CE-3CBA-40F1-BA23-06FB8D4348F0}.Debug|Any CPU.Build.0 = Debug|Any CPU
		{E04407CE-3CBA-40F1-BA23-06FB8D4348F0}.Release|Any CPU.ActiveCfg = Release|Any CPU
		{E04407CE-3CBA-40F1-BA23-06FB8D4348F0}.Release|Any CPU.Build.0 = Release|Any CPU
		{571C2435-C8F8-4CBD-B529-8B74CFB7BFE4}.Debug|Any CPU.ActiveCfg = Debug|Any CPU
		{571C2435-C8F8-4CBD-B529-8B74CFB7BFE4}.Debug|Any CPU.Build.0 = Debug|Any CPU
		{571C2435-C8F8-4CBD-B529-8B74CFB7BFE4}.Release|Any CPU.ActiveCfg = Release|Any CPU
		{571C2435-C8F8-4CBD-B529-8B74CFB7BFE4}.Release|Any CPU.Build.0 = Release|Any CPU
		{39868D81-81E5-4710-AC94-3278C47F2CFF}.Debug|Any CPU.ActiveCfg = Debug|Any CPU
		{39868D81-81E5-4710-AC94-3278C47F2CFF}.Debug|Any CPU.Build.0 = Debug|Any CPU
		{39868D81-81E5-4710-AC94-3278C47F2CFF}.Release|Any CPU.ActiveCfg = Release|Any CPU
		{39868D81-81E5-4710-AC94-3278C47F2CFF}.Release|Any CPU.Build.0 = Release|Any CPU
		{F0AFA5A5-853A-41DF-8E7F-FC3F3FA67B6F}.Debug|Any CPU.ActiveCfg = Debug|Any CPU
		{F0AFA5A5-853A-41DF-8E7F-FC3F3FA67B6F}.Debug|Any CPU.Build.0 = Debug|Any CPU
		{F0AFA5A5-853A-41DF-8E7F-FC3F3FA67B6F}.Release|Any CPU.ActiveCfg = Release|Any CPU
		{F0AFA5A5-853A-41DF-8E7F-FC3F3FA67B6F}.Release|Any CPU.Build.0 = Release|Any CPU
		{04683D9B-284B-4416-86C5-BD8CCD1767C2}.Debug|Any CPU.ActiveCfg = Debug|Any CPU
		{04683D9B-284B-4416-86C5-BD8CCD1767C2}.Debug|Any CPU.Build.0 = Debug|Any CPU
		{04683D9B-284B-4416-86C5-BD8CCD1767C2}.Release|Any CPU.ActiveCfg = Release|Any CPU
		{04683D9B-284B-4416-86C5-BD8CCD1767C2}.Release|Any CPU.Build.0 = Release|Any CPU
		{14D50C0D-DC34-49FF-AD2F-FCA9D76BDD2E}.Debug|Any CPU.ActiveCfg = Debug|Any CPU
		{14D50C0D-DC34-49FF-AD2F-FCA9D76BDD2E}.Debug|Any CPU.Build.0 = Debug|Any CPU
		{14D50C0D-DC34-49FF-AD2F-FCA9D76BDD2E}.Release|Any CPU.ActiveCfg = Release|Any CPU
		{14D50C0D-DC34-49FF-AD2F-FCA9D76BDD2E}.Release|Any CPU.Build.0 = Release|Any CPU
	EndGlobalSection
	GlobalSection(SolutionProperties) = preSolution
		HideSolutionNode = FALSE
	EndGlobalSection
	GlobalSection(NestedProjects) = preSolution
		{DE8F47F9-98B0-41C8-AFE6-A8034552A03B} = {334E447D-0237-42A8-9519-A67B9997B89A}
		{DC5CBBEB-5600-42A2-90CA-CFA056321EAB} = {334E447D-0237-42A8-9519-A67B9997B89A}
		{E04407CE-3CBA-40F1-BA23-06FB8D4348F0} = {334E447D-0237-42A8-9519-A67B9997B89A}
		{571C2435-C8F8-4CBD-B529-8B74CFB7BFE4} = {FCF1A8D5-2611-440C-A7DA-35F72E7D03DB}
		{39868D81-81E5-4710-AC94-3278C47F2CFF} = {334E447D-0237-42A8-9519-A67B9997B89A}
		{F0AFA5A5-853A-41DF-8E7F-FC3F3FA67B6F} = {D56D09AB-960E-49A1-8FF7-167D934CC2F8}
		{04683D9B-284B-4416-86C5-BD8CCD1767C2} = {BE8F2230-15AB-49A7-B235-4CF691C3127C}
		{14D50C0D-DC34-49FF-AD2F-FCA9D76BDD2E} = {1E753BA4-C80A-485F-972A-AE55E39721E2}
	EndGlobalSection
	GlobalSection(ExtensibilityGlobals) = postSolution
		SolutionGuid = {1779DFA7-5AF5-4793-AB57-3328D5D6DF86}
	EndGlobalSection
EndGlobal
